
Microsoft Visual Studio Solution File, Format Version 12.00
# Visual Studio Version 17
VisualStudioVersion = 17.6.33801.468
MinimumVisualStudioVersion = 10.0.40219.1
Project("{8BC9CEB8-8B4A-11D0-8D11-00A0C91BC942}") = "test_6_23", "test_6_23.vcxproj", "{BCFF122F-77FF-4BDD-A52E-048E2F514536}"
EndProject
Global
	GlobalSection(SolutionConfigurationPlatforms) = preSolution
		Debug|x64 = Debug|x64
		Debug|x86 = Debug|x86
		Release|x64 = Release|x64
		Release|x86 = Release|x86
	EndGlobalSection
	GlobalSection(ProjectConfigurationPlatforms) = postSolution
		{BCFF122F-77FF-4BDD-A52E-048E2F514536}.Debug|x64.ActiveCfg = Debug|x64
		{BCFF122F-77FF-4BDD-A52E-048E2F514536}.Debug|x64.Build.0 = Debug|x64
		{BCFF122F-77FF-4BDD-A52E-048E2F514536}.Debug|x86.ActiveCfg = Debug|Win32
		{BCFF122F-77FF-4BDD-A52E-048E2F514536}.Debug|x86.Build.0 = Debug|Win32
		{BCFF122F-77FF-4BDD-A52E-048E2F514536}.Release|x64.ActiveCfg = Release|x64
		{BCFF122F-77FF-4BDD-A52E-048E2F514536}.Release|x64.Build.0 = Release|x64
		{BCFF122F-77FF-4BDD-A52E-048E2F514536}.Release|x86.ActiveCfg = Release|Win32
		{BCFF122F-77FF-4BDD-A52E-048E2F514536}.Release|x86.Build.0 = Release|Win32
	EndGlobalSection
	GlobalSection(SolutionProperties) = preSolution
		HideSolutionNode = FALSE
	EndGlobalSection
	GlobalSection(ExtensibilityGlobals) = postSolution
		SolutionGuid = {449AEA11-D44E-419A-996E-FA19B86D720C}
	EndGlobalSection
EndGlobal
